
Microsoft Visual Studio Solution File, Format Version 12.00
# Visual Studio 15
VisualStudioVersion = 15.0.28307.852
MinimumVisualStudioVersion = 10.0.40219.1
Project("{FAE04EC0-301F-11D3-BF4B-00C04F79EFBC}") = "CountDownApp", "CountDownApp\CountDownApp.csproj", "{E30ADC49-D716-4197-8B57-80F19E1753CA}"
EndProject
Global
	GlobalSection(SolutionConfigurationPlatforms) = preSolution
		Debug|Any CPU = Debug|Any CPU
		Release|Any CPU = Release|Any CPU
	EndGlobalSection
	GlobalSection(ProjectConfigurationPlatforms) = postSolution
		{E30ADC49-D716-4197-8B57-80F19E1753CA}.Debug|Any CPU.ActiveCfg = Debug|Any CPU
		{E30ADC49-D716-4197-8B57-80F19E1753CA}.Debug|Any CPU.Build.0 = Debug|Any CPU
		{E30ADC49-D716-4197-8B57-80F19E1753CA}.Release|Any CPU.ActiveCfg = Release|Any CPU
		{E30ADC49-D716-4197-8B57-80F19E1753CA}.Release|Any CPU.Build.0 = Release|Any CPU
	EndGlobalSection
	GlobalSection(SolutionProperties) = preSolution
		HideSolutionNode = FALSE
	EndGlobalSection
	GlobalSection(ExtensibilityGlobals) = postSolution
		SolutionGuid = {9F38D555-65BC-42B5-A5C2-9D79EE8FD199}
	EndGlobalSection
EndGlobal
